
Microsoft Visual Studio Solution File, Format Version 12.00
# Visual Studio Version 16
VisualStudioVersion = 16.0.30717.126
MinimumVisualStudioVersion = 10.0.40219.1
Project("{FAE04EC0-301F-11D3-BF4B-00C04F79EFBC}") = "RegistShp", "RegistShp\RegistShp.csproj", "{C66F88FD-B3DF-4440-A484-AF8B28CB3D5C}"
EndProject
Global
	GlobalSection(SolutionConfigurationPlatforms) = preSolution
		Debug|Any CPU = Debug|Any CPU
		Debug|x64 = Debug|x64
		Release|Any CPU = Release|Any CPU
		Release|x64 = Release|x64
	EndGlobalSection
	GlobalSection(ProjectConfigurationPlatforms) = postSolution
		{C66F88FD-B3DF-4440-A484-AF8B28CB3D5C}.Debug|Any CPU.ActiveCfg = Debug|Any CPU
		{C66F88FD-B3DF-4440-A484-AF8B28CB3D5C}.Debug|Any CPU.Build.0 = Debug|Any CPU
		{C66F88FD-B3DF-4440-A484-AF8B28CB3D5C}.Debug|x64.ActiveCfg = Debug|x64
		{C66F88FD-B3DF-4440-A484-AF8B28CB3D5C}.Debug|x64.Build.0 = Debug|x64
		{C66F88FD-B3DF-4440-A484-AF8B28CB3D5C}.Release|Any CPU.ActiveCfg = Release|Any CPU
		{C66F88FD-B3DF-4440-A484-AF8B28CB3D5C}.Release|Any CPU.Build.0 = Release|Any CPU
		{C66F88FD-B3DF-4440-A484-AF8B28CB3D5C}.Release|x64.ActiveCfg = Release|x64
		{C66F88FD-B3DF-4440-A484-AF8B28CB3D5C}.Release|x64.Build.0 = Release|x64
	EndGlobalSection
	GlobalSection(SolutionProperties) = preSolution
		HideSolutionNode = FALSE
	EndGlobalSection
	GlobalSection(ExtensibilityGlobals) = postSolution
		SolutionGuid = {F1C699D6-BC3E-4818-9B71-8DA660C0DF0D}
	EndGlobalSection
EndGlobal
